{
  "name": "butverify",
  "lockfileVersion": 3,
  "requires": true,
  "packages": {
    "": {
      "name": "butverify",
      "devDependencies": {
        "compound-agent": "2.7.2"
      }
    },
    "node_modules/@syottos/darwin-arm64": {
      "version": "2.7.2",
      "resolved": "https://registry.npmjs.org/@syottos/darwin-arm64/-/darwin-arm64-2.7.2.tgz",
      "integrity": "sha512-h5rjGTy3/gMXhDqm+zYwyx1ByTHsBBnOST01Md9lrNOOrBWChKmYZsGApilS9Q7LPnKd5c6bi3JP06+wVW+p2w==",
      "cpu": [
        "arm64"
      ],
      "dev": true,
      "license": "MIT",
      "optional": true,
      "os": [
        "darwin"
      ],
      "engines": {
        "node": ">=18"
      }
    },
    "node_modules/@syottos/darwin-x64": {
      "version": "2.7.2",
      "resolved": "https://registry.npmjs.org/@syottos/darwin-x64/-/darwin-x64-2.7.2.tgz",
      "integrity": "sha512-4TKJRftPz8OYYPZUXlN7F1L/hCdHpfDeA08xiAO1V7QN+gYSyur3iGjdkr8Au6H5192N7M6HVweAYhcaQPKBTQ==",
      "cpu": [
        "x64"
      ],
      "dev": true,
      "license": "MIT",
      "optional": true,
      "os": [
        "darwin"
      ],
      "engines": {
        "node": ">=18"
      }
    },
    "node_modules/@syottos/linux-arm64": {
      "version": "2.7.2",
      "resolved": "https://registry.npmjs.org/@syottos/linux-arm64/-/linux-arm64-2.7.2.tgz",
      "integrity": "sha512-mqFvnEx7+uAPbNW5zGIKzKu57NN6fAK+K7QJ97M/5WBBTJB3cHtwEWqURYYRWB3iMuTpDCV7pXmGESpyTAVmPg==",
      "cpu": [
        "arm64"
      ],
      "dev": true,
      "license": "MIT",
      "optional": true,
      "os": [
        "linux"
      ],
      "engines": {
        "node": ">=18"
      }
    },
    "node_modules/@syottos/linux-x64": {
      "version": "2.7.2",
      "resolved": "https://registry.npmjs.org/@syottos/linux-x64/-/linux-x64-2.7.2.tgz",
      "integrity": "sha512-EPMvRbWxYtztxpVIzVTL4dk5muibDymn8XTUgPqabXXhvm2nu3ilsNwzBcdgpOa6dXNjYtwsT2G+eNrnPHm4LA==",
      "cpu": [
        "x64"
      ],
      "dev": true,
      "license": "MIT",
      "optional": true,
      "os": [
        "linux"
      ],
      "engines": {
        "node": ">=18"
      }
    },
    "node_modules/@syottos/win32-arm64": {
      "version": "2.7.2",
      "resolved": "https://registry.npmjs.org/@syottos/win32-arm64/-/win32-arm64-2.7.2.tgz",
      "integrity": "sha512-JudvWb3W55uIzyZUl2Ve0aaNE7VqeLshYyTcFLGtqRmI1a3/nfCk8M1ryNlZN12izv4GtR0C9nzXkc1XTu3n7g==",
      "cpu": [
        "arm64"
      ],
      "dev": true,
      "license": "MIT",
      "optional": true,
      "os": [
        "win32"
      ],
      "engines": {
        "node": ">=18"
      }
    },
    "node_modules/@syottos/win32-x64": {
      "version": "2.7.2",
      "resolved": "https://registry.npmjs.org/@syottos/win32-x64/-/win32-x64-2.7.2.tgz",
      "integrity": "sha512-5kMi5XU4GNvSNGKrvvy5UI/1OSSWk90sa8kv7ma+NHcj6oo15t8cVRsp2dkct1rJIhKYSAAE+ie2H7iX43bKDw==",
      "cpu": [
        "x64"
      ],
      "dev": true,
      "license": "MIT",
      "optional": true,
      "os": [
        "win32"
      ],
      "engines": {
        "node": ">=18"
      }
    },
    "node_modules/compound-agent": {
      "version": "2.7.2",
      "resolved": "https://registry.npmjs.org/compound-agent/-/compound-agent-2.7.2.tgz",
      "integrity": "sha512-t30FQuEXGHxOsIsUwybtkWmDYkBlv4aV13BHwXATbYXv2Z4X1ncfSh70E5kFsX0hgqSWbyvfvCy3SdM+mnyqjA==",
      "cpu": [
        "x64",
        "arm64"
      ],
      "dev": true,
      "hasInstallScript": true,
      "license": "MIT",
      "os": [
        "darwin",
        "linux",
        "win32"
      ],
      "bin": {
        "ca": "bin/ca",
        "compound-agent": "bin/ca"
      },
      "engines": {
        "node": ">=18"
      },
      "optionalDependencies": {
        "@syottos/darwin-arm64": "2.7.2",
        "@syottos/darwin-x64": "2.7.2",
        "@syottos/linux-arm64": "2.7.2",
        "@syottos/linux-x64": "2.7.2",
        "@syottos/win32-arm64": "2.7.2",
        "@syottos/win32-x64": "2.7.2"
      }
    }
  }
}
